// !$*UTF8*$!
{
	archiveVersion = 1;
	classes = {
	};
	objectVersion = 55;
	objects = {

/* Begin PBXBuildFile section */
		221DB7BC27993A2B000AF624 /* AppDelegate.swift in Sources */ = {isa = PBXBuildFile; fileRef = 221DB7BB27993A2B000AF624 /* AppDelegate.swift */; };
		221DB7BE27993A2B000AF624 /* SceneDelegate.swift in Sources */ = {isa = PBXBuildFile; fileRef = 221DB7BD27993A2B000AF624 /* SceneDelegate.swift */; };
		221DB7C027993A2B000AF624 /* MapViewController.swift in Sources */ = {isa = PBXBuildFile; fileRef = 221DB7BF27993A2B000AF624 /* MapViewController.swift */; };
		221DB7C327993A2B000AF624 /* Main.storyboard in Resources */ = {isa = PBXBuildFile; fileRef = 221DB7C127993A2B000AF624 /* Main.storyboard */; };
		221DB7C527993A2C000AF624 /* Assets.xcassets in Resources */ = {isa = PBXBuildFile; fileRef = 221DB7C427993A2C000AF624 /* Assets.xcassets */; };
		221DB7C827993A2C000AF624 /* LaunchScreen.storyboard in Resources */ = {isa = PBXBuildFile; fileRef = 221DB7C627993A2C000AF624 /* LaunchScreen.storyboard */; };
		221DB7EC27993E58000AF624 /* Alert.swift in Sources */ = {isa = PBXBuildFile; fileRef = 221DB7EB27993E58000AF624 /* Alert.swift */; };
/* End PBXBuildFile section */

/* Begin PBXContainerItemProxy section */
		221DB7CF27993A2C000AF624 /* PBXContainerItemProxy */ = {
			isa = PBXContainerItemProxy;
			containerPortal = 221DB7B027993A2B000AF624 /* Project object */;
			proxyType = 1;
			remoteGlobalIDString = 221DB7B727993A2B000AF624;
			remoteInfo = DrawRouteProject;
		};
		221DB7D927993A2C000AF624 /* PBXContainerItemProxy */ = {
			isa = PBXContainerItemProxy;
			containerPortal = 221DB7B027993A2B000AF624 /* Project object */;
			proxyType = 1;
			remoteGlobalIDString = 221DB7B727993A2B000AF624;
			remoteInfo = DrawRouteProject;
		};
/* End PBXContainerItemProxy section */

/* Begin PBXFileReference section */
		221DB7B827993A2B000AF624 /* DrawRouteProject.app */ = {isa = PBXFileReference; explicitFileType = wrapper.application; includeInIndex = 0; path = DrawRouteProject.app; sourceTree = BUILT_PRODUCTS_DIR; };
		221DB7BB27993A2B000AF624 /* AppDelegate.swift */ = {isa = PBXFileReference; lastKnownFileType = sourcecode.swift; path = AppDelegate.swift; sourceTree = "<group>"; };
		221DB7BD27993A2B000AF624 /* SceneDelegate.swift */ = {isa = PBXFileReference; lastKnownFileType = sourcecode.swift; path = SceneDelegate.swift; sourceTree = "<group>"; };
		221DB7BF27993A2B000AF624 /* MapViewController.swift */ = {isa = PBXFileReference; lastKnownFileType = sourcecode.swift; path = MapViewController.swift; sourceTree = "<group>"; };
		221DB7C227993A2B000AF624 /* Base */ = {isa = PBXFileReference; lastKnownFileType = file.storyboard; name = Base; path = Base.lproj/Main.storyboard; sourceTree = "<group>"; };
		221DB7C427993A2C000AF624 /* Assets.xcassets */ = {isa = PBXFileReference; lastKnownFileType = folder.assetcatalog; path = Assets.xcassets; sourceTree = "<group>"; };
		221DB7C727993A2C000AF624 /* Base */ = {isa = PBXFileReference; lastKnownFileType = file.storyboard; name = Base; path = Base.lproj/LaunchScreen.storyboard; sourceTree = "<group>"; };
		221DB7C927993A2C000AF624 /* Info.plist */ = {isa = PBXFileReference; lastKnownFileType = text.plist.xml; path = Info.plist; sourceTree = "<group>"; };
		221DB7CE27993A2C000AF624 /* DrawRouteProjectTests.xctest */ = {isa = PBXFileReference; explicitFileType = wrapper.cfbundle; includeInIndex = 0; path = DrawRouteProjectTests.xctest; sourceTree = BUILT_PRODUCTS_DIR; };
		221DB7D827993A2C000AF624 /* DrawRouteProjectUITests.xctest */ = {isa = PBXFileReference; explicitFileType = wrapper.cfbundle; includeInIndex = 0; path = DrawRouteProjectUITests.xctest; sourceTree = BUILT_PRODUCTS_DIR; };
		221DB7EB27993E58000AF624 /* Alert.swift */ = {isa = PBXFileReference; lastKnownFileType = sourcecode.swift; path = Alert.swift; sourceTree = "<group>"; };
/* End PBXFileReference section */

/* Begin PBXFrameworksBuildPhase section */
		221DB7B527993A2B000AF624 /* Frameworks */ = {
			isa = PBXFrameworksBuildPhase;
			buildActionMask = 2147483647;
			files = (
			);
			runOnlyForDeploymentPostprocessing = 0;
		};
		221DB7CB27993A2C000AF624 /* Frameworks */ = {
			isa = PBXFrameworksBuildPhase;
			buildActionMask = 2147483647;
			files = (
			);
			runOnlyForDeploymentPostprocessing = 0;
		};
		221DB7D527993A2C000AF624 /* Frameworks */ = {
			isa = PBXFrameworksBuildPhase;
			buildActionMask = 2147483647;
			files = (
			);
			runOnlyForDeploymentPostprocessing = 0;
		};
/* End PBXFrameworksBuildPhase section */

/* Begin PBXGroup section */
		221DB7AF27993A2B000AF624 = {
			isa = PBXGroup;
			children = (
				221DB7BA27993A2B000AF624 /* DrawRouteProject */,
				221DB7B927993A2B000AF624 /* Products */,
			);
			sourceTree = "<group>";
		};
		221DB7B927993A2B000AF624 /* Products */ = {
			isa = PBXGroup;
			children = (
				221DB7B827993A2B000AF624 /* DrawRouteProject.app */,
				221DB7CE27993A2C000AF624 /* DrawRouteProjectTests.xctest */,
				221DB7D827993A2C000AF624 /* DrawRouteProjectUITests.xctest */,
			);
			name = Products;
			sourceTree = "<group>";
		};
		221DB7BA27993A2B000AF624 /* DrawRouteProject */ = {
			isa = PBXGroup;
			children = (
				221DB7BB27993A2B000AF624 /* AppDelegate.swift */,
				221DB7BD27993A2B000AF624 /* SceneDelegate.swift */,
				221DB7BF27993A2B000AF624 /* MapViewController.swift */,
				221DB7EB27993E58000AF624 /* Alert.swift */,
				221DB7C127993A2B000AF624 /* Main.storyboard */,
				221DB7C427993A2C000AF624 /* Assets.xcassets */,
				221DB7C627993A2C000AF624 /* LaunchScreen.storyboard */,
				221DB7C927993A2C000AF624 /* Info.plist */,
			);
			path = DrawRouteProject;
			sourceTree = "<group>";
		};
/* End PBXGroup section */

/* Begin PBXNativeTarget section */
		221DB7B727993A2B000AF624 /* DrawRouteProject */ = {
			isa = PBXNativeTarget;
			buildConfigurationList = 221DB7E227993A2C000AF624 /* Build configuration list for PBXNativeTarget "DrawRouteProject" */;
			buildPhases = (
				221DB7B427993A2B000AF624 /* Sources */,
				221DB7B527993A2B000AF624 /* Frameworks */,
				221DB7B627993A2B000AF624 /* Resources */,
			);
			buildRules = (
			);
			dependencies = (
			);
			name = DrawRouteProject;
			productName = DrawRouteProject;
			productReference = 221DB7B827993A2B000AF624 /* DrawRouteProject.app */;
			productType = "com.apple.product-type.application";
		};
		221DB7CD27993A2C000AF624 /* DrawRouteProjectTests */ = {
			isa = PBXNativeTarget;
			buildConfigurationList = 221DB7E527993A2C000AF624 /* Build configuration list for PBXNativeTarget "DrawRouteProjectTests" */;
			buildPhases = (
				221DB7CA27993A2C000AF624 /* Sources */,
				221DB7CB27993A2C000AF624 /* Frameworks */,
				221DB7CC27993A2C000AF624 /* Resources */,
			);
			buildRules = (
			);
			dependencies = (
				221DB7D027993A2C000AF624 /* PBXTargetDependency */,
			);
			name = DrawRouteProjectTests;
			productName = DrawRouteProjectTests;
			productReference = 221DB7CE27993A2C000AF624 /* DrawRouteProjectTests.xctest */;
			productType = "com.apple.product-type.bundle.unit-test";
		};
		221DB7D727993A2C000AF624 /* DrawRouteProjectUITests */ = {
			isa = PBXNativeTarget;
			buildConfigurationList = 221DB7E827993A2C000AF624 /* Build configuration list for PBXNativeTarget "DrawRouteProjectUITests" */;
			buildPhases = (
				221DB7D427993A2C000AF624 /* Sources */,
				221DB7D527993A2C000AF624 /* Frameworks */,
				221DB7D627993A2C000AF624 /* Resources */,
			);
			buildRules = (
			);
			dependencies = (
				221DB7DA27993A2C000AF624 /* PBXTargetDependency */,
			);
			name = DrawRouteProjectUITests;
			productName = DrawRouteProjectUITests;
			productReference = 221DB7D827993A2C000AF624 /* DrawRouteProjectUITests.xctest */;
			productType = "com.apple.product-type.bundle.ui-testing";
		};
/* End PBXNativeTarget section */

/* Begin PBXProject section */
		221DB7B027993A2B000AF624 /* Project object */ = {
			isa = PBXProject;
			attributes = {
				BuildIndependentTargetsInParallel = 1;
				LastSwiftUpdateCheck = 1320;
				LastUpgradeCheck = 1320;
				TargetAttributes = {
					221DB7B727993A2B000AF624 = {
						CreatedOnToolsVersion = 13.2.1;
					};
					221DB7CD27993A2C000AF624 = {
						CreatedOnToolsVersion = 13.2.1;
						TestTargetID = 221DB7B727993A2B000AF624;
					};
					221DB7D727993A2C000AF624 = {
						CreatedOnToolsVersion = 13.2.1;
						TestTargetID = 221DB7B727993A2B000AF624;
					};
				};
			};
			buildConfigurationList = 221DB7B327993A2B000AF624 /* Build configuration list for PBXProject "DrawRouteProject" */;
			compatibilityVersion = "Xcode 13.0";
			developmentRegion = en;
			hasScannedForEncodings = 0;
			knownRegions = (
				en,
				Base,
			);
			mainGroup = 221DB7AF27993A2B000AF624;
			productRefGroup = 221DB7B927993A2B000AF624 /* Products */;
			projectDirPath = "";
			projectRoot = "";
			targets = (
				221DB7B727993A2B000AF624 /* DrawRouteProject */,
				221DB7CD27993A2C000AF624 /* DrawRouteProjectTests */,
				221DB7D727993A2C000AF624 /* DrawRouteProjectUITests */,
			);
		};
/* End PBXProject section */

/* Begin PBXResourcesBuildPhase section */
		221DB7B627993A2B000AF624 /* Resources */ = {
			isa = PBXResourcesBuildPhase;
			buildActionMask = 2147483647;
			files = (
				221DB7C827993A2C000AF624 /* LaunchScreen.storyboard in Resources */,
				221DB7C527993A2C000AF624 /* Assets.xcassets in Resources */,
				221DB7C327993A2B000AF624 /* Main.storyboard in Resources */,
			);
			runOnlyForDeploymentPostprocessing = 0;
		};
		221DB7CC27993A2C000AF624 /* Resources */ = {
			isa = PBXResourcesBuildPhase;
			buildActionMask = 2147483647;
			files = (
			);
			runOnlyForDeploymentPostprocessing = 0;
		};
		221DB7D627993A2C000AF624 /* Resources */ = {
			isa = PBXResourcesBuildPhase;
			buildActionMask = 2147483647;
			files = (
			);
			runOnlyForDeploymentPostprocessing = 0;
		};
/* End PBXResourcesBuildPhase section */

/* Begin PBXSourcesBuildPhase section */
		221DB7B427993A2B000AF624 /* Sources */ = {
			isa = PBXSourcesBuildPhase;
			buildActionMask = 2147483647;
			files = (
				221DB7C027993A2B000AF624 /* MapViewController.swift in Sources */,
				221DB7BC27993A2B000AF624 /* AppDelegate.swift in Sources */,
				221DB7EC27993E58000AF624 /* Alert.swift in Sources */,
				221DB7BE27993A2B000AF624 /* SceneDelegate.swift in Sources */,
			);
			runOnlyForDeploymentPostprocessing = 0;
		};
		221DB7CA27993A2C000AF624 /* Sources */ = {
			isa = PBXSourcesBuildPhase;
			buildActionMask = 2147483647;
			files = (
			);
			runOnlyForDeploymentPostprocessing = 0;
		};
		221DB7D427993A2C000AF624 /* Sources */ = {
			isa = PBXSourcesBuildPhase;
			buildActionMask = 2147483647;
			files = (
			);
			runOnlyForDeploymentPostprocessing = 0;
		};
/* End PBXSourcesBuildPhase section */

/* Begin PBXTargetDependency section */
		221DB7D027993A2C000AF624 /* PBXTargetDependency */ = {
			isa = PBXTargetDependency;
			target = 221DB7B727993A2B000AF624 /* DrawRouteProject */;
			targetProxy = 221DB7CF27993A2C000AF624 /* PBXContainerItemProxy */;
		};
		221DB7DA27993A2C000AF624 /* PBXTargetDependency */ = {
			isa = PBXTargetDependency;
			target = 221DB7B727993A2B000AF624 /* DrawRouteProject */;
			targetProxy = 221DB7D927993A2C000AF624 /* PBXContainerItemProxy */;
		};
/* End PBXTargetDependency section */

/* Begin PBXVariantGroup section */
		221DB7C127993A2B000AF624 /* Main.storyboard */ = {
			isa = PBXVariantGroup;
			children = (
				221DB7C227993A2B000AF624 /* Base */,
			);
			name = Main.storyboard;
			sourceTree = "<group>";
		};
		221DB7C627993A2C000AF624 /* LaunchScreen.storyboard */ = {
			isa = PBXVariantGroup;
			children = (
				221DB7C727993A2C000AF624 /* Base */,
			);
			name = LaunchScreen.storyboard;
			sourceTree = "<group>";
		};
/* End PBXVariantGroup section */

/* Begin XCBuildConfiguration section */
		221DB7E027993A2C000AF624 /* Debug */ = {
			isa = XCBuildConfiguration;
			buildSettings = {
				ALWAYS_SEARCH_USER_PATHS = NO;
				CLANG_ANALYZER_NONNULL = YES;
				CLANG_ANALYZER_NUMBER_OBJECT_CONVERSION = YES_AGGRESSIVE;
				CLANG_CXX_LANGUAGE_STANDARD = "gnu++17";
				CLANG_CXX_LIBRARY = "libc++";
				CLANG_ENABLE_MODULES = YES;
				CLANG_ENABLE_OBJC_ARC = YES;
				CLANG_ENABLE_OBJC_WEAK = YES;
				CLANG_WARN_BLOCK_CAPTURE_AUTORELEASING = YES;
				CLANG_WARN_BOOL_CONVERSION = YES;
				CLANG_WARN_COMMA = YES;
				CLANG_WARN_CONSTANT_CONVERSION = YES;
				CLANG_WARN_DEPRECATED_OBJC_IMPLEMENTATIONS = YES;
				CLANG_WARN_DIRECT_OBJC_ISA_USAGE = YES_ERROR;
				CLANG_WARN_DOCUMENTATION_COMMENTS = YES;
				CLANG_WARN_EMPTY_BODY = YES;
				CLANG_WARN_ENUM_CONVERSION = YES;
				CLANG_WARN_INFINITE_RECURSION = YES;
				CLANG_WARN_INT_CONVERSION = YES;
				CLANG_WARN_NON_LITERAL_NULL_CONVERSION = YES;
				CLANG_WARN_OBJC_IMPLICIT_RETAIN_SELF = YES;
				CLANG_WARN_OBJC_LITERAL_CONVERSION = YES;
				CLANG_WARN_OBJC_ROOT_CLASS = YES_ERROR;
				CLANG_WARN_QUOTED_INCLUDE_IN_FRAMEWORK_HEADER = YES;
				CLANG_WARN_RANGE_LOOP_ANALYSIS = YES;
				CLANG_WARN_STRICT_PROTOTYPES = YES;
				CLANG_WARN_SUSPICIOUS_MOVE = YES;
				CLANG_WARN_UNGUARDED_AVAILABILITY = YES_AGGRESSIVE;
				CLANG_WARN_UNREACHABLE_CODE = YES;
				CLANG_WARN__DUPLICATE_METHOD_MATCH = YES;
				COPY_PHASE_STRIP = NO;
				DEBUG_INFORMATION_FORMAT = dwarf;
				ENABLE_STRICT_OBJC_MSGSEND = YES;
				ENABLE_TESTABILITY = YES;
				GCC_C_LANGUAGE_STANDARD = gnu11;
				GCC_DYNAMIC_NO_PIC = NO;
				GCC_NO_COMMON_BLOCKS = YES;
				GCC_OPTIMIZATION_LEVEL = 0;
				GCC_PREPROCESSOR_DEFINITIONS = (
					"DEBUG=1",
					"$(inherited)",
				);
				GCC_WARN_64_TO_32_BIT_CONVERSION = YES;
				GCC_WARN_ABOUT_RETURN_TYPE = YES_ERROR;
				GCC_WARN_UNDECLARED_SELECTOR = YES;
				GCC_WARN_UNINITIALIZED_AUTOS = YES_AGGRESSIVE;
				GCC_WARN_UNUSED_FUNCTION = YES;
				GCC_WARN_UNUSED_VARIABLE = YES;
				IPHONEOS_DEPLOYMENT_TARGET = 15.2;
				MTL_ENABLE_DEBUG_INFO = INCLUDE_SOURCE;
				MTL_FAST_MATH = YES;
				ONLY_ACTIVE_ARCH = YES;
				SDKROOT = iphoneos;
				SWIFT_ACTIVE_COMPILATION_CONDITIONS = DEBUG;
				SWIFT_OPTIMIZATION_LEVEL = "-Onone";
			};
			name = Debug;
		};
		221DB7E127993A2C000AF624 /* Release */ = {
			isa = XCBuildConfiguration;
			buildSettings = {
				ALWAYS_SEARCH_USER_PATHS = NO;
				CLANG_ANALYZER_NONNULL = YES;
				CLANG_ANALYZER_NUMBER_OBJECT_CONVERSION = YES_AGGRESSIVE;
				CLANG_CXX_LANGUAGE_STANDARD = "gnu++17";
				CLANG_CXX_LIBRARY = "libc++";
				CLANG_ENABLE_MODULES = YES;
				CLANG_ENABLE_OBJC_ARC = YES;
				CLANG_ENABLE_OBJC_WEAK = YES;
				CLANG_WARN_BLOCK_CAPTURE_AUTORELEASING = YES;
				CLANG_WARN_BOOL_CONVERSION = YES;
				CLANG_WARN_COMMA = YES;
				CLANG_WARN_CONSTANT_CONVERSION = YES;
				CLANG_WARN_DEPRECATED_OBJC_IMPLEMENTATIONS = YES;
				CLANG_WARN_DIRECT_OBJC_ISA_USAGE = YES_ERROR;
				CLANG_WARN_DOCUMENTATION_COMMENTS = YES;
				CLANG_WARN_EMPTY_BODY = YES;
				CLANG_WARN_ENUM_CONVERSION = YES;
				CLANG_WARN_INFINITE_RECURSION = YES;
				CLANG_WARN_INT_CONVERSION = YES;
				CLANG_WARN_NON_LITERAL_NULL_CONVERSION = YES;
				CLANG_WARN_OBJC_IMPLICIT_RETAIN_SELF = YES;
				CLANG_WARN_OBJC_LITERAL_CONVERSION = YES;
				CLANG_WARN_OBJC_ROOT_CLASS = YES_ERROR;
				CLANG_WARN_QUOTED_INCLUDE_IN_FRAMEWORK_HEADER = YES;
				CLANG_WARN_RANGE_LOOP_ANALYSIS = YES;
				CLANG_WARN_STRICT_PROTOTYPES = YES;
				CLANG_WARN_SUSPICIOUS_MOVE = YES;
				CLANG_WARN_UNGUARDED_AVAILABILITY = YES_AGGRESSIVE;
				CLANG_WARN_UNREACHABLE_CODE = YES;
				CLANG_WARN__DUPLICATE_METHOD_MATCH = YES;
				COPY_PHASE_STRIP = NO;
				DEBUG_INFORMATION_FORMAT = "dwarf-with-dsym";
				ENABLE_NS_ASSERTIONS = NO;
				ENABLE_STRICT_OBJC_MSGSEND = YES;
				GCC_C_LANGUAGE_STANDARD = gnu11;
				GCC_NO_COMMON_BLOCKS = YES;
				GCC_WARN_64_TO_32_BIT_CONVERSION = YES;
				GCC_WARN_ABOUT_RETURN_TYPE = YES_ERROR;
				GCC_WARN_UNDECLARED_SELECTOR = YES;
				GCC_WARN_UNINITIALIZED_AUTOS = YES_AGGRESSIVE;
				GCC_WARN_UNUSED_FUNCTION = YES;
				GCC_WARN_UNUSED_VARIABLE = YES;
				IPHONEOS_DEPLOYMENT_TARGET = 15.2;
				MTL_ENABLE_DEBUG_INFO = NO;
				MTL_FAST_MATH = YES;
				SDKROOT = iphoneos;
				SWIFT_COMPILATION_MODE = wholemodule;
				SWIFT_OPTIMIZATION_LEVEL = "-O";
				VALIDATE_PRODUCT = YES;
			};
			name = Release;
		};
		221DB7E327993A2C000AF624 /* Debug */ = {
			isa = XCBuildConfiguration;
			buildSettings = {
				ASSETCATALOG_COMPILER_APPICON_NAME = AppIcon;
				ASSETCATALOG_COMPILER_GLOBAL_ACCENT_COLOR_NAME = AccentColor;
				CODE_SIGN_STYLE = Automatic;
				CURRENT_PROJECT_VERSION = 1;
				DEVELOPMENT_TEAM = NVF277WN33;
				GENERATE_INFOPLIST_FILE = YES;
				INFOPLIST_FILE = DrawRouteProject/Info.plist;
				INFOPLIST_KEY_UIApplicationSupportsIndirectInputEvents = YES;
				INFOPLIST_KEY_UILaunchStoryboardName = LaunchScreen;
				INFOPLIST_KEY_UIMainStoryboardFile = Main;
				INFOPLIST_KEY_UISupportedInterfaceOrientations_iPad = "UIInterfaceOrientationPortrait UIInterfaceOrientationPortraitUpsideDown UIInterfaceOrientationLandscapeLeft UIInterfaceOrientationLandscapeRight";
				INFOPLIST_KEY_UISupportedInterfaceOrientations_iPhone = "UIInterfaceOrientationPortrait UIInterfaceOrientationLandscapeLeft UIInterfaceOrientationLandscapeRight";
				LD_RUNPATH_SEARCH_PATHS = (
					"$(inherited)",
					"@executable_path/Frameworks",
				);
				MARKETING_VERSION = 1.0;
				PRODUCT_BUNDLE_IDENTIFIER = com.saniyetoy.DrawRouteProject;
				PRODUCT_NAME = "$(TARGET_NAME)";
				SWIFT_EMIT_LOC_STRINGS = YES;
				SWIFT_VERSION = 5.0;
				TARGETED_DEVICE_FAMILY = "1,2";
			};
			name = Debug;
		};
		221DB7E427993A2C000AF624 /* Release */ = {
			isa = XCBuildConfiguration;
			buildSettings = {
				ASSETCATALOG_COMPILER_APPICON_NAME = AppIcon;
				ASSETCATALOG_COMPILER_GLOBAL_ACCENT_COLOR_NAME = AccentColor;
				CODE_SIGN_STYLE = Automatic;
				CURRENT_PROJECT_VERSION = 1;
				DEVELOPMENT_TEAM = NVF277WN33;
				GENERATE_INFOPLIST_FILE = YES;
				INFOPLIST_FILE = DrawRouteProject/Info.plist;
				INFOPLIST_KEY_UIApplicationSupportsIndirectInputEvents = YES;
				INFOPLIST_KEY_UILaunchStoryboardName = LaunchScreen;
				INFOPLIST_KEY_UIMainStoryboardFile = Main;
				INFOPLIST_KEY_UISupportedInterfaceOrientations_iPad = "UIInterfaceOrientationPortrait UIInterfaceOrientationPortraitUpsideDown UIInterfaceOrientationLandscapeLeft UIInterfaceOrientationLandscapeRight";
				INFOPLIST_KEY_UISupportedInterfaceOrientations_iPhone = "UIInterfaceOrientationPortrait UIInterfaceOrientationLandscapeLeft UIInterfaceOrientationLandscapeRight";
				LD_RUNPATH_SEARCH_PATHS = (
					"$(inherited)",
					"@executable_path/Frameworks",
				);
				MARKETING_VERSION = 1.0;
				PRODUCT_BUNDLE_IDENTIFIER = com.saniyetoy.DrawRouteProject;
				PRODUCT_NAME = "$(TARGET_NAME)";
				SWIFT_EMIT_LOC_STRINGS = YES;
				SWIFT_VERSION = 5.0;
				TARGETED_DEVICE_FAMILY = "1,2";
			};
			name = Release;
		};
		221DB7E627993A2C000AF624 /* Debug */ = {
			isa = XCBuildConfiguration;
			buildSettings = {
				ALWAYS_EMBED_SWIFT_STANDARD_LIBRARIES = YES;
				BUNDLE_LOADER = "$(TEST_HOST)";
				CODE_SIGN_STYLE = Automatic;
				CURRENT_PROJECT_VERSION = 1;
				DEVELOPMENT_TEAM = NVF277WN33;
				GENERATE_INFOPLIST_FILE = YES;
				IPHONEOS_DEPLOYMENT_TARGET = 15.2;
				MARKETING_VERSION = 1.0;
				PRODUCT_BUNDLE_IDENTIFIER = com.saniyetoy.DrawRouteProjectTests;
				PRODUCT_NAME = "$(TARGET_NAME)";
				SWIFT_EMIT_LOC_STRINGS = NO;
				SWIFT_VERSION = 5.0;
				TARGETED_DEVICE_FAMILY = "1,2";
				TEST_HOST = "$(BUILT_PRODUCTS_DIR)/DrawRouteProject.app/DrawRouteProject";
			};
			name = Debug;
		};
		221DB7E727993A2C000AF624 /* Release */ = {
			isa = XCBuildConfiguration;
			buildSettings = {
				ALWAYS_EMBED_SWIFT_STANDARD_LIBRARIES = YES;
				BUNDLE_LOADER = "$(TEST_HOST)";
				CODE_SIGN_STYLE = Automatic;
				CURRENT_PROJECT_VERSION = 1;
				DEVELOPMENT_TEAM = NVF277WN33;
				GENERATE_INFOPLIST_FILE = YES;
				IPHONEOS_DEPLOYMENT_TARGET = 15.2;
				MARKETING_VERSION = 1.0;
				PRODUCT_BUNDLE_IDENTIFIER = com.saniyetoy.DrawRouteProjectTests;
				PRODUCT_NAME = "$(TARGET_NAME)";
				SWIFT_EMIT_LOC_STRINGS = NO;
				SWIFT_VERSION = 5.0;
				TARGETED_DEVICE_FAMILY = "1,2";
				TEST_HOST = "$(BUILT_PRODUCTS_DIR)/DrawRouteProject.app/DrawRouteProject";
			};
			name = Release;
		};
		221DB7E927993A2C000AF624 /* Debug */ = {
			isa = XCBuildConfiguration;
			buildSettings = {
				ALWAYS_EMBED_SWIFT_STANDARD_LIBRARIES = YES;
				CODE_SIGN_STYLE = Automatic;
				CURRENT_PROJECT_VERSION = 1;
				DEVELOPMENT_TEAM = NVF277WN33;
				GENERATE_INFOPLIST_FILE = YES;
				MARKETING_VERSION = 1.0;
				PRODUCT_BUNDLE_IDENTIFIER = com.saniyetoy.DrawRouteProjectUITests;
				PRODUCT_NAME = "$(TARGET_NAME)";
				SWIFT_EMIT_LOC_STRINGS = NO;
				SWIFT_VERSION = 5.0;
				TARGETED_DEVICE_FAMILY = "1,2";
				TEST_TARGET_NAME = DrawRouteProject;
			};
			name = Debug;
		};
		221DB7EA27993A2C000AF624 /* Release */ = {
			isa = XCBuildConfiguration;
			buildSettings = {
				ALWAYS_EMBED_SWIFT_STANDARD_LIBRARIES = YES;
				CODE_SIGN_STYLE = Automatic;
				CURRENT_PROJECT_VERSION = 1;
				DEVELOPMENT_TEAM = NVF277WN33;
				GENERATE_INFOPLIST_FILE = YES;
				MARKETING_VERSION = 1.0;
				PRODUCT_BUNDLE_IDENTIFIER = com.saniyetoy.DrawRouteProjectUITests;
				PRODUCT_NAME = "$(TARGET_NAME)";
				SWIFT_EMIT_LOC_STRINGS = NO;
				SWIFT_VERSION = 5.0;
				TARGETED_DEVICE_FAMILY = "1,2";
				TEST_TARGET_NAME = DrawRouteProject;
			};
			name = Release;
		};
/* End XCBuildConfiguration section */

/* Begin XCConfigurationList section */
		221DB7B327993A2B000AF624 /* Build configuration list for PBXProject "DrawRouteProject" */ = {
			isa = XCConfigurationList;
			buildConfigurations = (
				221DB7E027993A2C000AF624 /* Debug */,
				221DB7E127993A2C000AF624 /* Release */,
			);
			defaultConfigurationIsVisible = 0;
			defaultConfigurationName = Release;
		};
		221DB7E227993A2C000AF624 /* Build configuration list for PBXNativeTarget "DrawRouteProject" */ = {
			isa = XCConfigurationList;
			buildConfigurations = (
				221DB7E327993A2C000AF624 /* Debug */,
				221DB7E427993A2C000AF624 /* Release */,
			);
			defaultConfigurationIsVisible = 0;
			defaultConfigurationName = Release;
		};
		221DB7E527993A2C000AF624 /* Build configuration list for PBXNativeTarget "DrawRouteProjectTests" */ = {
			isa = XCConfigurationList;
			buildConfigurations = (
				221DB7E627993A2C000AF624 /* Debug */,
				221DB7E727993A2C000AF624 /* Release */,
			);
			defaultConfigurationIsVisible = 0;
			defaultConfigurationName = Release;
		};
		221DB7E827993A2C000AF624 /* Build configuration list for PBXNativeTarget "DrawRouteProjectUITests" */ = {
			isa = XCConfigurationList;
			buildConfigurations = (
				221DB7E927993A2C000AF624 /* Debug */,
				221DB7EA27993A2C000AF624 /* Release */,
			);
			defaultConfigurationIsVisible = 0;
			defaultConfigurationName = Release;
		};
/* End XCConfigurationList section */
	};
	rootObject = 221DB7B027993A2B000AF624 /* Project object */;
}
